
Microsoft Visual Studio Solution File, Format Version 12.00
# Visual Studio Version 17
VisualStudioVersion = 17.0.32112.339
MinimumVisualStudioVersion = 10.0.40219.1
Project("{9A19103F-16F7-4668-BE54-9A1E7A4F7556}") = "StandaloneParser", "StandaloneParser\StandaloneParser.csproj", "{6365CACF-817F-4619-AB7C-F7682F3AAE7F}"
EndProject
Project("{9A19103F-16F7-4668-BE54-9A1E7A4F7556}") = "AzureStorageQueueBasedParser", "AzureStorageQueueBasedParser\AzureStorageQueueBasedParser.csproj", "{E39D4816-BE89-423C-B802-611DE9D33F01}"
EndProject
Project("{9A19103F-16F7-4668-BE54-9A1E7A4F7556}") = "Common", "Common\Common.csproj", "{D9305552-F54E-40EF-8D50-A319C85C12A4}"
EndProject
Project("{9A19103F-16F7-4668-BE54-9A1E7A4F7556}") = "AzureStorageQueueFiller", "AzureStorageQueueFiller\AzureStorageQueueFiller.csproj", "{360C9C07-B662-4C53-B3F4-4D56BFD70EAB}"
EndProject
Project("{9A19103F-16F7-4668-BE54-9A1E7A4F7556}") = "TableToJsonConverter", "TableToJsonConverter\TableToJsonConverter.csproj", "{3F499649-EF2A-40FA-9795-078F3C7A28B4}"
EndProject
Global
	GlobalSection(SolutionConfigurationPlatforms) = preSolution
		Debug|Any CPU = Debug|Any CPU
		Release|Any CPU = Release|Any CPU
	EndGlobalSection
	GlobalSection(ProjectConfigurationPlatforms) = postSolution
		{6365CACF-817F-4619-AB7C-F7682F3AAE7F}.Debug|Any CPU.ActiveCfg = Debug|Any CPU
		{6365CACF-817F-4619-AB7C-F7682F3AAE7F}.Debug|Any CPU.Build.0 = Debug|Any CPU
		{6365CACF-817F-4619-AB7C-F7682F3AAE7F}.Release|Any CPU.ActiveCfg = Release|Any CPU
		{6365CACF-817F-4619-AB7C-F7682F3AAE7F}.Release|Any CPU.Build.0 = Release|Any CPU
		{E39D4816-BE89-423C-B802-611DE9D33F01}.Debug|Any CPU.ActiveCfg = Debug|Any CPU
		{E39D4816-BE89-423C-B802-611DE9D33F01}.Debug|Any CPU.Build.0 = Debug|Any CPU
		{E39D4816-BE89-423C-B802-611DE9D33F01}.Release|Any CPU.ActiveCfg = Release|Any CPU
		{E39D4816-BE89-423C-B802-611DE9D33F01}.Release|Any CPU.Build.0 = Release|Any CPU
		{D9305552-F54E-40EF-8D50-A319C85C12A4}.Debug|Any CPU.ActiveCfg = Debug|Any CPU
		{D9305552-F54E-40EF-8D50-A319C85C12A4}.Debug|Any CPU.Build.0 = Debug|Any CPU
		{D9305552-F54E-40EF-8D50-A319C85C12A4}.Release|Any CPU.ActiveCfg = Release|Any CPU
		{D9305552-F54E-40EF-8D50-A319C85C12A4}.Release|Any CPU.Build.0 = Release|Any CPU
		{360C9C07-B662-4C53-B3F4-4D56BFD70EAB}.Debug|Any CPU.ActiveCfg = Debug|Any CPU
		{360C9C07-B662-4C53-B3F4-4D56BFD70EAB}.Debug|Any CPU.Build.0 = Debug|Any CPU
		{360C9C07-B662-4C53-B3F4-4D56BFD70EAB}.Release|Any CPU.ActiveCfg = Release|Any CPU
		{360C9C07-B662-4C53-B3F4-4D56BFD70EAB}.Release|Any CPU.Build.0 = Release|Any CPU
		{3F499649-EF2A-40FA-9795-078F3C7A28B4}.Debug|Any CPU.ActiveCfg = Debug|Any CPU
		{3F499649-EF2A-40FA-9795-078F3C7A28B4}.Debug|Any CPU.Build.0 = Debug|Any CPU
		{3F499649-EF2A-40FA-9795-078F3C7A28B4}.Release|Any CPU.ActiveCfg = Release|Any CPU
		{3F499649-EF2A-40FA-9795-078F3C7A28B4}.Release|Any CPU.Build.0 = Release|Any CPU
	EndGlobalSection
	GlobalSection(SolutionProperties) = preSolution
		HideSolutionNode = FALSE
	EndGlobalSection
	GlobalSection(ExtensibilityGlobals) = postSolution
		SolutionGuid = {672BCCD5-58AC-47E3-87D0-2223AF0B8B0E}
	EndGlobalSection
EndGlobal
